
Microsoft Visual Studio Solution File, Format Version 12.00
# Visual Studio Version 16
VisualStudioVersion = 16.0.29519.181
MinimumVisualStudioVersion = 10.0.40219.1
Project("{FAE04EC0-301F-11D3-BF4B-00C04F79EFBC}") = "yapv", "yapv\yapv.csproj", "{C1232ED4-A8F5-4614-9A7F-37759B5B7E31}"
EndProject
Global
	GlobalSection(SolutionConfigurationPlatforms) = preSolution
		Debug|Any CPU = Debug|Any CPU
		Release|Any CPU = Release|Any CPU
	EndGlobalSection
	GlobalSection(ProjectConfigurationPlatforms) = postSolution
		{C1232ED4-A8F5-4614-9A7F-37759B5B7E31}.Debug|Any CPU.ActiveCfg = Debug|Any CPU
		{C1232ED4-A8F5-4614-9A7F-37759B5B7E31}.Debug|Any CPU.Build.0 = Debug|Any CPU
		{C1232ED4-A8F5-4614-9A7F-37759B5B7E31}.Release|Any CPU.ActiveCfg = Release|Any CPU
		{C1232ED4-A8F5-4614-9A7F-37759B5B7E31}.Release|Any CPU.Build.0 = Release|Any CPU
	EndGlobalSection
	GlobalSection(SolutionProperties) = preSolution
		HideSolutionNode = FALSE
	EndGlobalSection
	GlobalSection(ExtensibilityGlobals) = postSolution
		SolutionGuid = {C8788F5C-C889-4307-BFC7-074F8F989070}
	EndGlobalSection
EndGlobal
